// !$*UTF8*$!
{
	archiveVersion = 1;
	classes = {
	};
	objectVersion = 50;
	objects = {

/* Begin PBXBuildFile section */
		AB54386526E64BE900E307E5 /* Quote.swift in Sources */ = {isa = PBXBuildFile; fileRef = AB54386426E64BE900E307E5 /* Quote.swift */; };
		AB6ECB3926E3B12200EDFB2E /* AppDelegate.swift in Sources */ = {isa = PBXBuildFile; fileRef = AB6ECB3826E3B12200EDFB2E /* AppDelegate.swift */; };
		AB6ECB3B26E3B12200EDFB2E /* SceneDelegate.swift in Sources */ = {isa = PBXBuildFile; fileRef = AB6ECB3A26E3B12200EDFB2E /* SceneDelegate.swift */; };
		AB6ECB3D26E3B12200EDFB2E /* ViewController.swift in Sources */ = {isa = PBXBuildFile; fileRef = AB6ECB3C26E3B12200EDFB2E /* ViewController.swift */; };
		AB6ECB4026E3B12200EDFB2E /* Main.storyboard in Resources */ = {isa = PBXBuildFile; fileRef = AB6ECB3E26E3B12200EDFB2E /* Main.storyboard */; };
		AB6ECB4226E3B12200EDFB2E /* Assets.xcassets in Resources */ = {isa = PBXBuildFile; fileRef = AB6ECB4126E3B12200EDFB2E /* Assets.xcassets */; };
		AB6ECB4526E3B12200EDFB2E /* LaunchScreen.storyboard in Resources */ = {isa = PBXBuildFile; fileRef = AB6ECB4326E3B12200EDFB2E /* LaunchScreen.storyboard */; };
		AB6ECB5026E3B12200EDFB2E /* WiseSayCenerator_fcamPracticeTests.swift in Sources */ = {isa = PBXBuildFile; fileRef = AB6ECB4F26E3B12200EDFB2E /* WiseSayCenerator_fcamPracticeTests.swift */; };
		AB6ECB5B26E3B12200EDFB2E /* WiseSayCenerator_fcamPracticeUITests.swift in Sources */ = {isa = PBXBuildFile; fileRef = AB6ECB5A26E3B12200EDFB2E /* WiseSayCenerator_fcamPracticeUITests.swift */; };
/* End PBXBuildFile section */

/* Begin PBXContainerItemProxy section */
		AB6ECB4C26E3B12200EDFB2E /* PBXContainerItemProxy */ = {
			isa = PBXContainerItemProxy;
			containerPortal = AB6ECB2D26E3B12100EDFB2E /* Project object */;
			proxyType = 1;
			remoteGlobalIDString = AB6ECB3426E3B12200EDFB2E;
			remoteInfo = WiseSayCenerator_fcamPractice;
		};
		AB6ECB5726E3B12200EDFB2E /* PBXContainerItemProxy */ = {
			isa = PBXContainerItemProxy;
			containerPortal = AB6ECB2D26E3B12100EDFB2E /* Project object */;
			proxyType = 1;
			remoteGlobalIDString = AB6ECB3426E3B12200EDFB2E;
			remoteInfo = WiseSayCenerator_fcamPractice;
		};
/* End PBXContainerItemProxy section */

/* Begin PBXFileReference section */
		AB54386426E64BE900E307E5 /* Quote.swift */ = {isa = PBXFileReference; lastKnownFileType = sourcecode.swift; path = Quote.swift; sourceTree = "<group>"; };
		AB6ECB3526E3B12200EDFB2E /* WiseSayCenerator_fcamPractice.app */ = {isa = PBXFileReference; explicitFileType = wrapper.application; includeInIndex = 0; path = WiseSayCenerator_fcamPractice.app; sourceTree = BUILT_PRODUCTS_DIR; };
		AB6ECB3826E3B12200EDFB2E /* AppDelegate.swift */ = {isa = PBXFileReference; lastKnownFileType = sourcecode.swift; path = AppDelegate.swift; sourceTree = "<group>"; };
		AB6ECB3A26E3B12200EDFB2E /* SceneDelegate.swift */ = {isa = PBXFileReference; lastKnownFileType = sourcecode.swift; path = SceneDelegate.swift; sourceTree = "<group>"; };
		AB6ECB3C26E3B12200EDFB2E /* ViewController.swift */ = {isa = PBXFileReference; lastKnownFileType = sourcecode.swift; path = ViewController.swift; sourceTree = "<group>"; };
		AB6ECB3F26E3B12200EDFB2E /* Base */ = {isa = PBXFileReference; lastKnownFileType = file.storyboard; name = Base; path = Base.lproj/Main.storyboard; sourceTree = "<group>"; };
		AB6ECB4126E3B12200EDFB2E /* Assets.xcassets */ = {isa = PBXFileReference; lastKnownFileType = folder.assetcatalog; path = Assets.xcassets; sourceTree = "<group>"; };
		AB6ECB4426E3B12200EDFB2E /* Base */ = {isa = PBXFileReference; lastKnownFileType = file.storyboard; name = Base; path = Base.lproj/LaunchScreen.storyboard; sourceTree = "<group>"; };
		AB6ECB4626E3B12200EDFB2E /* Info.plist */ = {isa = PBXFileReference; lastKnownFileType = text.plist.xml; path = Info.plist; sourceTree = "<group>"; };
		AB6ECB4B26E3B12200EDFB2E /* WiseSayCenerator_fcamPracticeTests.xctest */ = {isa = PBXFileReference; explicitFileType = wrapper.cfbundle; includeInIndex = 0; path = WiseSayCenerator_fcamPracticeTests.xctest; sourceTree = BUILT_PRODUCTS_DIR; };
		AB6ECB4F26E3B12200EDFB2E /* WiseSayCenerator_fcamPracticeTests.swift */ = {isa = PBXFileReference; lastKnownFileType = sourcecode.swift; path = WiseSayCenerator_fcamPracticeTests.swift; sourceTree = "<group>"; };
		AB6ECB5126E3B12200EDFB2E /* Info.plist */ = {isa = PBXFileReference; lastKnownFileType = text.plist.xml; path = Info.plist; sourceTree = "<group>"; };
		AB6ECB5626E3B12200EDFB2E /* WiseSayCenerator_fcamPracticeUITests.xctest */ = {isa = PBXFileReference; explicitFileType = wrapper.cfbundle; includeInIndex = 0; path = WiseSayCenerator_fcamPracticeUITests.xctest; sourceTree = BUILT_PRODUCTS_DIR; };
		AB6ECB5A26E3B12200EDFB2E /* WiseSayCenerator_fcamPracticeUITests.swift */ = {isa = PBXFileReference; lastKnownFileType = sourcecode.swift; path = WiseSayCenerator_fcamPracticeUITests.swift; sourceTree = "<group>"; };
		AB6ECB5C26E3B12200EDFB2E /* Info.plist */ = {isa = PBXFileReference; lastKnownFileType = text.plist.xml; path = Info.plist; sourceTree = "<group>"; };
/* End PBXFileReference section */

/* Begin PBXFrameworksBuildPhase section */
		AB6ECB3226E3B12200EDFB2E /* Frameworks */ = {
			isa = PBXFrameworksBuildPhase;
			buildActionMask = 2147483647;
			files = (
			);
			runOnlyForDeploymentPostprocessing = 0;
		};
		AB6ECB4826E3B12200EDFB2E /* Frameworks */ = {
			isa = PBXFrameworksBuildPhase;
			buildActionMask = 2147483647;
			files = (
			);
			runOnlyForDeploymentPostprocessing = 0;
		};
		AB6ECB5326E3B12200EDFB2E /* Frameworks */ = {
			isa = PBXFrameworksBuildPhase;
			buildActionMask = 2147483647;
			files = (
			);
			runOnlyForDeploymentPostprocessing = 0;
		};
/* End PBXFrameworksBuildPhase section */

/* Begin PBXGroup section */
		AB6ECB2C26E3B12100EDFB2E = {
			isa = PBXGroup;
			children = (
				AB6ECB3726E3B12200EDFB2E /* WiseSayCenerator_fcamPractice */,
				AB6ECB4E26E3B12200EDFB2E /* WiseSayCenerator_fcamPracticeTests */,
				AB6ECB5926E3B12200EDFB2E /* WiseSayCenerator_fcamPracticeUITests */,
				AB6ECB3626E3B12200EDFB2E /* Products */,
			);
			sourceTree = "<group>";
		};
		AB6ECB3626E3B12200EDFB2E /* Products */ = {
			isa = PBXGroup;
			children = (
				AB6ECB3526E3B12200EDFB2E /* WiseSayCenerator_fcamPractice.app */,
				AB6ECB4B26E3B12200EDFB2E /* WiseSayCenerator_fcamPracticeTests.xctest */,
				AB6ECB5626E3B12200EDFB2E /* WiseSayCenerator_fcamPracticeUITests.xctest */,
			);
			name = Products;
			sourceTree = "<group>";
		};
		AB6ECB3726E3B12200EDFB2E /* WiseSayCenerator_fcamPractice */ = {
			isa = PBXGroup;
			children = (
				AB6ECB3826E3B12200EDFB2E /* AppDelegate.swift */,
				AB6ECB3A26E3B12200EDFB2E /* SceneDelegate.swift */,
				AB6ECB3C26E3B12200EDFB2E /* ViewController.swift */,
				AB6ECB3E26E3B12200EDFB2E /* Main.storyboard */,
				AB54386426E64BE900E307E5 /* Quote.swift */,
				AB6ECB4126E3B12200EDFB2E /* Assets.xcassets */,
				AB6ECB4326E3B12200EDFB2E /* LaunchScreen.storyboard */,
				AB6ECB4626E3B12200EDFB2E /* Info.plist */,
			);
			path = WiseSayCenerator_fcamPractice;
			sourceTree = "<group>";
		};
		AB6ECB4E26E3B12200EDFB2E /* WiseSayCenerator_fcamPracticeTests */ = {
			isa = PBXGroup;
			children = (
				AB6ECB4F26E3B12200EDFB2E /* WiseSayCenerator_fcamPracticeTests.swift */,
				AB6ECB5126E3B12200EDFB2E /* Info.plist */,
			);
			path = WiseSayCenerator_fcamPracticeTests;
			sourceTree = "<group>";
		};
		AB6ECB5926E3B12200EDFB2E /* WiseSayCenerator_fcamPracticeUITests */ = {
			isa = PBXGroup;
			children = (
				AB6ECB5A26E3B12200EDFB2E /* WiseSayCenerator_fcamPracticeUITests.swift */,
				AB6ECB5C26E3B12200EDFB2E /* Info.plist */,
			);
			path = WiseSayCenerator_fcamPracticeUITests;
			sourceTree = "<group>";
		};
/* End PBXGroup section */

/* Begin PBXNativeTarget section */
		AB6ECB3426E3B12200EDFB2E /* WiseSayCenerator_fcamPractice */ = {
			isa = PBXNativeTarget;
			buildConfigurationList = AB6ECB5F26E3B12200EDFB2E /* Build configuration list for PBXNativeTarget "WiseSayCenerator_fcamPractice" */;
			buildPhases = (
				AB6ECB3126E3B12200EDFB2E /* Sources */,
				AB6ECB3226E3B12200EDFB2E /* Frameworks */,
				AB6ECB3326E3B12200EDFB2E /* Resources */,
			);
			buildRules = (
			);
			dependencies = (
			);
			name = WiseSayCenerator_fcamPractice;
			productName = WiseSayCenerator_fcamPractice;
			productReference = AB6ECB3526E3B12200EDFB2E /* WiseSayCenerator_fcamPractice.app */;
			productType = "com.apple.product-type.application";
		};
		AB6ECB4A26E3B12200EDFB2E /* WiseSayCenerator_fcamPracticeTests */ = {
			isa = PBXNativeTarget;
			buildConfigurationList = AB6ECB6226E3B12200EDFB2E /* Build configuration list for PBXNativeTarget "WiseSayCenerator_fcamPracticeTests" */;
			buildPhases = (
				AB6ECB4726E3B12200EDFB2E /* Sources */,
				AB6ECB4826E3B12200EDFB2E /* Frameworks */,
				AB6ECB4926E3B12200EDFB2E /* Resources */,
			);
			buildRules = (
			);
			dependencies = (
				AB6ECB4D26E3B12200EDFB2E /* PBXTargetDependency */,
			);
			name = WiseSayCenerator_fcamPracticeTests;
			productName = WiseSayCenerator_fcamPracticeTests;
			productReference = AB6ECB4B26E3B12200EDFB2E /* WiseSayCenerator_fcamPracticeTests.xctest */;
			productType = "com.apple.product-type.bundle.unit-test";
		};
		AB6ECB5526E3B12200EDFB2E /* WiseSayCenerator_fcamPracticeUITests */ = {
			isa = PBXNativeTarget;
			buildConfigurationList = AB6ECB6526E3B12200EDFB2E /* Build configuration list for PBXNativeTarget "WiseSayCenerator_fcamPracticeUITests" */;
			buildPhases = (
				AB6ECB5226E3B12200EDFB2E /* Sources */,
				AB6ECB5326E3B12200EDFB2E /* Frameworks */,
				AB6ECB5426E3B12200EDFB2E /* Resources */,
			);
			buildRules = (
			);
			dependencies = (
				AB6ECB5826E3B12200EDFB2E /* PBXTargetDependency */,
			);
			name = WiseSayCenerator_fcamPracticeUITests;
			productName = WiseSayCenerator_fcamPracticeUITests;
			productReference = AB6ECB5626E3B12200EDFB2E /* WiseSayCenerator_fcamPracticeUITests.xctest */;
			productType = "com.apple.product-type.bundle.ui-testing";
		};
/* End PBXNativeTarget section */

/* Begin PBXProject section */
		AB6ECB2D26E3B12100EDFB2E /* Project object */ = {
			isa = PBXProject;
			attributes = {
				LastSwiftUpdateCheck = 1250;
				LastUpgradeCheck = 1250;
				TargetAttributes = {
					AB6ECB3426E3B12200EDFB2E = {
						CreatedOnToolsVersion = 12.5.1;
					};
					AB6ECB4A26E3B12200EDFB2E = {
						CreatedOnToolsVersion = 12.5.1;
						TestTargetID = AB6ECB3426E3B12200EDFB2E;
					};
					AB6ECB5526E3B12200EDFB2E = {
						CreatedOnToolsVersion = 12.5.1;
						TestTargetID = AB6ECB3426E3B12200EDFB2E;
					};
				};
			};
			buildConfigurationList = AB6ECB3026E3B12100EDFB2E /* Build configuration list for PBXProject "WiseSayCenerator_fcamPractice" */;
			compatibilityVersion = "Xcode 9.3";
			developmentRegion = en;
			hasScannedForEncodings = 0;
			knownRegions = (
				en,
				Base,
			);
			mainGroup = AB6ECB2C26E3B12100EDFB2E;
			productRefGroup = AB6ECB3626E3B12200EDFB2E /* Products */;
			projectDirPath = "";
			projectRoot = "";
			targets = (
				AB6ECB3426E3B12200EDFB2E /* WiseSayCenerator_fcamPractice */,
				AB6ECB4A26E3B12200EDFB2E /* WiseSayCenerator_fcamPracticeTests */,
				AB6ECB5526E3B12200EDFB2E /* WiseSayCenerator_fcamPracticeUITests */,
			);
		};
/* End PBXProject section */

/* Begin PBXResourcesBuildPhase section */
		AB6ECB3326E3B12200EDFB2E /* Resources */ = {
			isa = PBXResourcesBuildPhase;
			buildActionMask = 2147483647;
			files = (
				AB6ECB4526E3B12200EDFB2E /* LaunchScreen.storyboard in Resources */,
				AB6ECB4226E3B12200EDFB2E /* Assets.xcassets in Resources */,
				AB6ECB4026E3B12200EDFB2E /* Main.storyboard in Resources */,
			);
			runOnlyForDeploymentPostprocessing = 0;
		};
		AB6ECB4926E3B12200EDFB2E /* Resources */ = {
			isa = PBXResourcesBuildPhase;
			buildActionMask = 2147483647;
			files = (
			);
			runOnlyForDeploymentPostprocessing = 0;
		};
		AB6ECB5426E3B12200EDFB2E /* Resources */ = {
			isa = PBXResourcesBuildPhase;
			buildActionMask = 2147483647;
			files = (
			);
			runOnlyForDeploymentPostprocessing = 0;
		};
/* End PBXResourcesBuildPhase section */

/* Begin PBXSourcesBuildPhase section */
		AB6ECB3126E3B12200EDFB2E /* Sources */ = {
			isa = PBXSourcesBuildPhase;
			buildActionMask = 2147483647;
			files = (
				AB54386526E64BE900E307E5 /* Quote.swift in Sources */,
				AB6ECB3D26E3B12200EDFB2E /* ViewController.swift in Sources */,
				AB6ECB3926E3B12200EDFB2E /* AppDelegate.swift in Sources */,
				AB6ECB3B26E3B12200EDFB2E /* SceneDelegate.swift in Sources */,
			);
			runOnlyForDeploymentPostprocessing = 0;
		};
		AB6ECB4726E3B12200EDFB2E /* Sources */ = {
			isa = PBXSourcesBuildPhase;
			buildActionMask = 2147483647;
			files = (
				AB6ECB5026E3B12200EDFB2E /* WiseSayCenerator_fcamPracticeTests.swift in Sources */,
			);
			runOnlyForDeploymentPostprocessing = 0;
		};
		AB6ECB5226E3B12200EDFB2E /* Sources */ = {
			isa = PBXSourcesBuildPhase;
			buildActionMask = 2147483647;
			files = (
				AB6ECB5B26E3B12200EDFB2E /* WiseSayCenerator_fcamPracticeUITests.swift in Sources */,
			);
			runOnlyForDeploymentPostprocessing = 0;
		};
/* End PBXSourcesBuildPhase section */

/* Begin PBXTargetDependency section */
		AB6ECB4D26E3B12200EDFB2E /* PBXTargetDependency */ = {
			isa = PBXTargetDependency;
			target = AB6ECB3426E3B12200EDFB2E /* WiseSayCenerator_fcamPractice */;
			targetProxy = AB6ECB4C26E3B12200EDFB2E /* PBXContainerItemProxy */;
		};
		AB6ECB5826E3B12200EDFB2E /* PBXTargetDependency */ = {
			isa = PBXTargetDependency;
			target = AB6ECB3426E3B12200EDFB2E /* WiseSayCenerator_fcamPractice */;
			targetProxy = AB6ECB5726E3B12200EDFB2E /* PBXContainerItemProxy */;
		};
/* End PBXTargetDependency section */

/* Begin PBXVariantGroup section */
		AB6ECB3E26E3B12200EDFB2E /* Main.storyboard */ = {
			isa = PBXVariantGroup;
			children = (
				AB6ECB3F26E3B12200EDFB2E /* Base */,
			);
			name = Main.storyboard;
			sourceTree = "<group>";
		};
		AB6ECB4326E3B12200EDFB2E /* LaunchScreen.storyboard */ = {
			isa = PBXVariantGroup;
			children = (
				AB6ECB4426E3B12200EDFB2E /* Base */,
			);
			name = LaunchScreen.storyboard;
			sourceTree = "<group>";
		};
/* End PBXVariantGroup section */

/* Begin XCBuildConfiguration section */
		AB6ECB5D26E3B12200EDFB2E /* Debug */ = {
			isa = XCBuildConfiguration;
			buildSettings = {
				ALWAYS_SEARCH_USER_PATHS = NO;
				CLANG_ANALYZER_NONNULL = YES;
				CLANG_ANALYZER_NUMBER_OBJECT_CONVERSION = YES_AGGRESSIVE;
				CLANG_CXX_LANGUAGE_STANDARD = "gnu++14";
				CLANG_CXX_LIBRARY = "libc++";
				CLANG_ENABLE_MODULES = YES;
				CLANG_ENABLE_OBJC_ARC = YES;
				CLANG_ENABLE_OBJC_WEAK = YES;
				CLANG_WARN_BLOCK_CAPTURE_AUTORELEASING = YES;
				CLANG_WARN_BOOL_CONVERSION = YES;
				CLANG_WARN_COMMA = YES;
				CLANG_WARN_CONSTANT_CONVERSION = YES;
				CLANG_WARN_DEPRECATED_OBJC_IMPLEMENTATIONS = YES;
				CLANG_WARN_DIRECT_OBJC_ISA_USAGE = YES_ERROR;
				CLANG_WARN_DOCUMENTATION_COMMENTS = YES;
				CLANG_WARN_EMPTY_BODY = YES;
				CLANG_WARN_ENUM_CONVERSION = YES;
				CLANG_WARN_INFINITE_RECURSION = YES;
				CLANG_WARN_INT_CONVERSION = YES;
				CLANG_WARN_NON_LITERAL_NULL_CONVERSION = YES;
				CLANG_WARN_OBJC_IMPLICIT_RETAIN_SELF = YES;
				CLANG_WARN_OBJC_LITERAL_CONVERSION = YES;
				CLANG_WARN_OBJC_ROOT_CLASS = YES_ERROR;
				CLANG_WARN_QUOTED_INCLUDE_IN_FRAMEWORK_HEADER = YES;
				CLANG_WARN_RANGE_LOOP_ANALYSIS = YES;
				CLANG_WARN_STRICT_PROTOTYPES = YES;
				CLANG_WARN_SUSPICIOUS_MOVE = YES;
				CLANG_WARN_UNGUARDED_AVAILABILITY = YES_AGGRESSIVE;
				CLANG_WARN_UNREACHABLE_CODE = YES;
				CLANG_WARN__DUPLICATE_METHOD_MATCH = YES;
				COPY_PHASE_STRIP = NO;
				DEBUG_INFORMATION_FORMAT = dwarf;
				ENABLE_STRICT_OBJC_MSGSEND = YES;
				ENABLE_TESTABILITY = YES;
				GCC_C_LANGUAGE_STANDARD = gnu11;
				GCC_DYNAMIC_NO_PIC = NO;
				GCC_NO_COMMON_BLOCKS = YES;
				GCC_OPTIMIZATION_LEVEL = 0;
				GCC_PREPROCESSOR_DEFINITIONS = (
					"DEBUG=1",
					"$(inherited)",
				);
				GCC_WARN_64_TO_32_BIT_CONVERSION = YES;
				GCC_WARN_ABOUT_RETURN_TYPE = YES_ERROR;
				GCC_WARN_UNDECLARED_SELECTOR = YES;
				GCC_WARN_UNINITIALIZED_AUTOS = YES_AGGRESSIVE;
				GCC_WARN_UNUSED_FUNCTION = YES;
				GCC_WARN_UNUSED_VARIABLE = YES;
				IPHONEOS_DEPLOYMENT_TARGET = 14.5;
				MTL_ENABLE_DEBUG_INFO = INCLUDE_SOURCE;
				MTL_FAST_MATH = YES;
				ONLY_ACTIVE_ARCH = YES;
				SDKROOT = iphoneos;
				SWIFT_ACTIVE_COMPILATION_CONDITIONS = DEBUG;
				SWIFT_OPTIMIZATION_LEVEL = "-Onone";
			};
			name = Debug;
		};
		AB6ECB5E26E3B12200EDFB2E /* Release */ = {
			isa = XCBuildConfiguration;
			buildSettings = {
				ALWAYS_SEARCH_USER_PATHS = NO;
				CLANG_ANALYZER_NONNULL = YES;
				CLANG_ANALYZER_NUMBER_OBJECT_CONVERSION = YES_AGGRESSIVE;
				CLANG_CXX_LANGUAGE_STANDARD = "gnu++14";
				CLANG_CXX_LIBRARY = "libc++";
				CLANG_ENABLE_MODULES = YES;
				CLANG_ENABLE_OBJC_ARC = YES;
				CLANG_ENABLE_OBJC_WEAK = YES;
				CLANG_WARN_BLOCK_CAPTURE_AUTORELEASING = YES;
				CLANG_WARN_BOOL_CONVERSION = YES;
				CLANG_WARN_COMMA = YES;
				CLANG_WARN_CONSTANT_CONVERSION = YES;
				CLANG_WARN_DEPRECATED_OBJC_IMPLEMENTATIONS = YES;
				CLANG_WARN_DIRECT_OBJC_ISA_USAGE = YES_ERROR;
				CLANG_WARN_DOCUMENTATION_COMMENTS = YES;
				CLANG_WARN_EMPTY_BODY = YES;
				CLANG_WARN_ENUM_CONVERSION = YES;
				CLANG_WARN_INFINITE_RECURSION = YES;
				CLANG_WARN_INT_CONVERSION = YES;
				CLANG_WARN_NON_LITERAL_NULL_CONVERSION = YES;
				CLANG_WARN_OBJC_IMPLICIT_RETAIN_SELF = YES;
				CLANG_WARN_OBJC_LITERAL_CONVERSION = YES;
				CLANG_WARN_OBJC_ROOT_CLASS = YES_ERROR;
				CLANG_WARN_QUOTED_INCLUDE_IN_FRAMEWORK_HEADER = YES;
				CLANG_WARN_RANGE_LOOP_ANALYSIS = YES;
				CLANG_WARN_STRICT_PROTOTYPES = YES;
				CLANG_WARN_SUSPICIOUS_MOVE = YES;
				CLANG_WARN_UNGUARDED_AVAILABILITY = YES_AGGRESSIVE;
				CLANG_WARN_UNREACHABLE_CODE = YES;
				CLANG_WARN__DUPLICATE_METHOD_MATCH = YES;
				COPY_PHASE_STRIP = NO;
				DEBUG_INFORMATION_FORMAT = "dwarf-with-dsym";
				ENABLE_NS_ASSERTIONS = NO;
				ENABLE_STRICT_OBJC_MSGSEND = YES;
				GCC_C_LANGUAGE_STANDARD = gnu11;
				GCC_NO_COMMON_BLOCKS = YES;
				GCC_WARN_64_TO_32_BIT_CONVERSION = YES;
				GCC_WARN_ABOUT_RETURN_TYPE = YES_ERROR;
				GCC_WARN_UNDECLARED_SELECTOR = YES;
				GCC_WARN_UNINITIALIZED_AUTOS = YES_AGGRESSIVE;
				GCC_WARN_UNUSED_FUNCTION = YES;
				GCC_WARN_UNUSED_VARIABLE = YES;
				IPHONEOS_DEPLOYMENT_TARGET = 14.5;
				MTL_ENABLE_DEBUG_INFO = NO;
				MTL_FAST_MATH = YES;
				SDKROOT = iphoneos;
				SWIFT_COMPILATION_MODE = wholemodule;
				SWIFT_OPTIMIZATION_LEVEL = "-O";
				VALIDATE_PRODUCT = YES;
			};
			name = Release;
		};
		AB6ECB6026E3B12200EDFB2E /* Debug */ = {
			isa = XCBuildConfiguration;
			buildSettings = {
				ASSETCATALOG_COMPILER_APPICON_NAME = AppIcon;
				ASSETCATALOG_COMPILER_GLOBAL_ACCENT_COLOR_NAME = AccentColor;
				CODE_SIGN_STYLE = Automatic;
				INFOPLIST_FILE = WiseSayCenerator_fcamPractice/Info.plist;
				LD_RUNPATH_SEARCH_PATHS = (
					"$(inherited)",
					"@executable_path/Frameworks",
				);
				PRODUCT_BUNDLE_IDENTIFIER = "fcam-Practice.WiseSayCenerator-fcamPractice";
				PRODUCT_NAME = "$(TARGET_NAME)";
				SWIFT_VERSION = 5.0;
				TARGETED_DEVICE_FAMILY = "1,2";
			};
			name = Debug;
		};
		AB6ECB6126E3B12200EDFB2E /* Release */ = {
			isa = XCBuildConfiguration;
			buildSettings = {
				ASSETCATALOG_COMPILER_APPICON_NAME = AppIcon;
				ASSETCATALOG_COMPILER_GLOBAL_ACCENT_COLOR_NAME = AccentColor;
				CODE_SIGN_STYLE = Automatic;
				INFOPLIST_FILE = WiseSayCenerator_fcamPractice/Info.plist;
				LD_RUNPATH_SEARCH_PATHS = (
					"$(inherited)",
					"@executable_path/Frameworks",
				);
				PRODUCT_BUNDLE_IDENTIFIER = "fcam-Practice.WiseSayCenerator-fcamPractice";
				PRODUCT_NAME = "$(TARGET_NAME)";
				SWIFT_VERSION = 5.0;
				TARGETED_DEVICE_FAMILY = "1,2";
			};
			name = Release;
		};
		AB6ECB6326E3B12200EDFB2E /* Debug */ = {
			isa = XCBuildConfiguration;
			buildSettings = {
				ALWAYS_EMBED_SWIFT_STANDARD_LIBRARIES = YES;
				BUNDLE_LOADER = "$(TEST_HOST)";
				CODE_SIGN_STYLE = Automatic;
				INFOPLIST_FILE = WiseSayCenerator_fcamPracticeTests/Info.plist;
				IPHONEOS_DEPLOYMENT_TARGET = 14.5;
				LD_RUNPATH_SEARCH_PATHS = (
					"$(inherited)",
					"@executable_path/Frameworks",
					"@loader_path/Frameworks",
				);
				PRODUCT_BUNDLE_IDENTIFIER = "fcam-Practice.WiseSayCenerator-fcamPracticeTests";
				PRODUCT_NAME = "$(TARGET_NAME)";
				SWIFT_VERSION = 5.0;
				TARGETED_DEVICE_FAMILY = "1,2";
				TEST_HOST = "$(BUILT_PRODUCTS_DIR)/WiseSayCenerator_fcamPractice.app/WiseSayCenerator_fcamPractice";
			};
			name = Debug;
		};
		AB6ECB6426E3B12200EDFB2E /* Release */ = {
			isa = XCBuildConfiguration;
			buildSettings = {
				ALWAYS_EMBED_SWIFT_STANDARD_LIBRARIES = YES;
				BUNDLE_LOADER = "$(TEST_HOST)";
				CODE_SIGN_STYLE = Automatic;
				INFOPLIST_FILE = WiseSayCenerator_fcamPracticeTests/Info.plist;
				IPHONEOS_DEPLOYMENT_TARGET = 14.5;
				LD_RUNPATH_SEARCH_PATHS = (
					"$(inherited)",
					"@executable_path/Frameworks",
					"@loader_path/Frameworks",
				);
				PRODUCT_BUNDLE_IDENTIFIER = "fcam-Practice.WiseSayCenerator-fcamPracticeTests";
				PRODUCT_NAME = "$(TARGET_NAME)";
				SWIFT_VERSION = 5.0;
				TARGETED_DEVICE_FAMILY = "1,2";
				TEST_HOST = "$(BUILT_PRODUCTS_DIR)/WiseSayCenerator_fcamPractice.app/WiseSayCenerator_fcamPractice";
			};
			name = Release;
		};
		AB6ECB6626E3B12200EDFB2E /* Debug */ = {
			isa = XCBuildConfiguration;
			buildSettings = {
				ALWAYS_EMBED_SWIFT_STANDARD_LIBRARIES = YES;
				CODE_SIGN_STYLE = Automatic;
				INFOPLIST_FILE = WiseSayCenerator_fcamPracticeUITests/Info.plist;
				LD_RUNPATH_SEARCH_PATHS = (
					"$(inherited)",
					"@executable_path/Frameworks",
					"@loader_path/Frameworks",
				);
				PRODUCT_BUNDLE_IDENTIFIER = "fcam-Practice.WiseSayCenerator-fcamPracticeUITests";
				PRODUCT_NAME = "$(TARGET_NAME)";
				SWIFT_VERSION = 5.0;
				TARGETED_DEVICE_FAMILY = "1,2";
				TEST_TARGET_NAME = WiseSayCenerator_fcamPractice;
			};
			name = Debug;
		};
		AB6ECB6726E3B12200EDFB2E /* Release */ = {
			isa = XCBuildConfiguration;
			buildSettings = {
				ALWAYS_EMBED_SWIFT_STANDARD_LIBRARIES = YES;
				CODE_SIGN_STYLE = Automatic;
				INFOPLIST_FILE = WiseSayCenerator_fcamPracticeUITests/Info.plist;
				LD_RUNPATH_SEARCH_PATHS = (
					"$(inherited)",
					"@executable_path/Frameworks",
					"@loader_path/Frameworks",
				);
				PRODUCT_BUNDLE_IDENTIFIER = "fcam-Practice.WiseSayCenerator-fcamPracticeUITests";
				PRODUCT_NAME = "$(TARGET_NAME)";
				SWIFT_VERSION = 5.0;
				TARGETED_DEVICE_FAMILY = "1,2";
				TEST_TARGET_NAME = WiseSayCenerator_fcamPractice;
			};
			name = Release;
		};
/* End XCBuildConfiguration section */

/* Begin XCConfigurationList section */
		AB6ECB3026E3B12100EDFB2E /* Build configuration list for PBXProject "WiseSayCenerator_fcamPractice" */ = {
			isa = XCConfigurationList;
			buildConfigurations = (
				AB6ECB5D26E3B12200EDFB2E /* Debug */,
				AB6ECB5E26E3B12200EDFB2E /* Release */,
			);
			defaultConfigurationIsVisible = 0;
			defaultConfigurationName = Release;
		};
		AB6ECB5F26E3B12200EDFB2E /* Build configuration list for PBXNativeTarget "WiseSayCenerator_fcamPractice" */ = {
			isa = XCConfigurationList;
			buildConfigurations = (
				AB6ECB6026E3B12200EDFB2E /* Debug */,
				AB6ECB6126E3B12200EDFB2E /* Release */,
			);
			defaultConfigurationIsVisible = 0;
			defaultConfigurationName = Release;
		};
		AB6ECB6226E3B12200EDFB2E /* Build configuration list for PBXNativeTarget "WiseSayCenerator_fcamPracticeTests" */ = {
			isa = XCConfigurationList;
			buildConfigurations = (
				AB6ECB6326E3B12200EDFB2E /* Debug */,
				AB6ECB6426E3B12200EDFB2E /* Release */,
			);
			defaultConfigurationIsVisible = 0;
			defaultConfigurationName = Release;
		};
		AB6ECB6526E3B12200EDFB2E /* Build configuration list for PBXNativeTarget "WiseSayCenerator_fcamPracticeUITests" */ = {
			isa = XCConfigurationList;
			buildConfigurations = (
				AB6ECB6626E3B12200EDFB2E /* Debug */,
				AB6ECB6726E3B12200EDFB2E /* Release */,
			);
			defaultConfigurationIsVisible = 0;
			defaultConfigurationName = Release;
		};
/* End XCConfigurationList section */
	};
	rootObject = AB6ECB2D26E3B12100EDFB2E /* Project object */;
}
